<?xml version="1.0" encoding="utf-8"?>
<Project ToolsVersion="4.0" xmlns="http://schemas.microsoft.com/developer/msbuild/2003">
  <ItemGroup>
    <Filter Include="Исходные файлы">
      <UniqueIdentifier>{4FC737F1-C7A5-4376-A066-2A32D752A2FF}</UniqueIdentifier>
      <Extensions>cpp;c;cc;cxx;c++;cppm;ixx;def;odl;idl;hpj;bat;asm;asmx</Extensions>
    </Filter>
    <Filter Include="Файлы заголовков">
      <UniqueIdentifier>{93995380-89BD-4b04-88EB-625FBE52EBFB}</UniqueIdentifier>
      <Extensions>h;hh;hpp;hxx;h++;hm;inl;inc;ipp;xsd</Extensions>
    </Filter>
    <Filter Include="Файлы ресурсов">
      <UniqueIdentifier>{67DA6AB6-F800-4c08-8B7A-83BB121AAD01}</UniqueIdentifier>
      <Extensions>rc;ico;cur;bmp;dlg;rc2;rct;bin;rgs;gif;jpg;jpeg;jpe;resx;tiff;tif;png;wav;mfcribbon-ms</Extensions>
    </Filter>
    <Filter Include="Файлы заголовков\Engine">
      <UniqueIdentifier>{6f9b7afc-440e-4105-bc82-fc49a86fc9c8}</UniqueIdentifier>
    </Filter>
    <Filter Include="Исходные файлы\Engine">
      <UniqueIdentifier>{3b24ce08-7c72-4599-b02a-94def7e7cc4a}</UniqueIdentifier>
    </Filter>
    <Filter Include="Файлы заголовков\Entity">
      <UniqueIdentifier>{279066d3-90e4-4909-81b6-1893cbf9ff98}</UniqueIdentifier>
    </Filter>
    <Filter Include="Файлы заголовков\GameState">
      <UniqueIdentifier>{04f7d8bf-3ff4-4c13-9584-2a75a0fc241a}</UniqueIdentifier>
    </Filter>
    <Filter Include="Исходные файлы\GameState">
      <UniqueIdentifier>{b20c5d03-17e5-484b-8217-51c6bea73d84}</UniqueIdentifier>
    </Filter>
  </ItemGroup>
  <ItemGroup>
    <ClCompile Include="VoidShooter.cpp">
      <Filter>Исходные файлы</Filter>
    </ClCompile>
    <ClCompile Include="Application.cpp">
      <Filter>Исходные файлы\Engine</Filter>
    </ClCompile>
    <ClCompile Include="Game.cpp">
      <Filter>Исходные файлы</Filter>
    </ClCompile>
    <ClCompile Include="MenuGameState.cpp">
      <Filter>Исходные файлы\GameState</Filter>
    </ClCompile>
    <ClCompile Include="ShooterGameState.cpp">
      <Filter>Исходные файлы</Filter>
    </ClCompile>
    <ClCompile Include="LocalPlayer.cpp">
      <Filter>Исходные файлы</Filter>
    </ClCompile>
    <ClCompile Include="Scripts.cpp">
      <Filter>Исходные файлы\Engine</Filter>
    </ClCompile>
  </ItemGroup>
  <ItemGroup>
    <ClInclude Include="Application.hpp">
      <Filter>Файлы заголовков\Engine</Filter>
    </ClInclude>
    <ClInclude Include="Logging.hpp">
      <Filter>Файлы заголовков\Engine</Filter>
    </ClInclude>
    <ClInclude Include="Module.hpp">
      <Filter>Файлы заголовков\Engine</Filter>
    </ClInclude>
    <ClInclude Include="FontManager.hpp">
      <Filter>Файлы заголовков</Filter>
    </ClInclude>
    <ClInclude Include="resource.h">
      <Filter>Файлы заголовков</Filter>
    </ClInclude>
    <ClInclude Include="Game.hpp">
      <Filter>Файлы заголовков</Filter>
    </ClInclude>
    <ClInclude Include="EntityList.hpp">
      <Filter>Файлы заголовков\Entity</Filter>
    </ClInclude>
    <ClInclude Include="Player.hpp">
      <Filter>Файлы заголовков\Entity</Filter>
    </ClInclude>
    <ClInclude Include="MenuGameState.hpp">
      <Filter>Файлы заголовков\GameState</Filter>
    </ClInclude>
    <ClInclude Include="GameState.hpp">
      <Filter>Файлы заголовков\GameState</Filter>
    </ClInclude>
    <ClInclude Include="ShooterGameState.hpp">
      <Filter>Файлы заголовков\GameState</Filter>
    </ClInclude>
    <ClInclude Include="Scripts.hpp">
      <Filter>Файлы заголовков\Engine</Filter>
    </ClInclude>
  </ItemGroup>
  <ItemGroup>
    <None Include="cpp.hint" />
    <None Include="LocalPlayer.hpp">
      <Filter>Файлы заголовков\Entity</Filter>
    </None>
  </ItemGroup>
  <ItemGroup>
    <ResourceCompile Include="VoidShooter.rc">
      <Filter>Файлы ресурсов</Filter>
    </ResourceCompile>
  </ItemGroup>
</Project>